{
  "name": "keygen-machinefile-example",
  "version": "1.0.0",
  "lockfileVersion": 3,
  "requires": true,
  "packages": {
    "": {
      "name": "keygen-machinefile-example",
      "version": "1.0.0",
      "license": "ISC",
      "dependencies": {
        "node-machine-id": "^1.1.12"
      }
    },
    "node_modules/node-machine-id": {
      "version": "1.1.12",
      "resolved": "https://registry.npmjs.org/node-machine-id/-/node-machine-id-1.1.12.tgz",
      "integrity": "sha512-QNABxbrPa3qEIfrE6GOJ7BYIuignnJw7iQ2YPbc3Nla1HzRJjXzZOiikfF8m7eAMfichLt3M4VgLOetqgDmgGQ==",
      "license": "MIT"
    }
  }
}
